github.com/bobwong89757/golexer v0.1.0 h1:wQB2sDtWhnmAxaOR73PYWM96Aq/Sq66zQwg2AwdDPB8=
github.com/bobwong89757/golexer v0.1.0/go.mod h1:fl5IIzV273ScYPF1lDgmKiQWQ0/KUO2B6OY75/CK5yI=
github.com/bobwong89757/golog v0.0.0-20181123013700-3a2ac0a8ba7c h1:4qVL9x4wWelbjyxf4AmEr5R9EOnmA+WXNomvKmtAZVA=
github.com/bobwong89757/golog v0.0.0-20181123013700-3a2ac0a8ba7c/go.mod h1:llAyBWiO/AWi3bS1nki/pVpDswqkvjyvnC6NwKXCeio=
github.com/gogo/protobuf v1.3.1 h1:DqDEcV5aeaTmdFBePNpYsp3FlcVH/2ISVVM9Qf8PSls=
github.com/gogo/protobuf v1.3.1/go.mod h1:SlYgWuQ5SjCEi6WLHjHCa1yvBfUnHcTbrrZtXPKa29o=
github.com/golang/protobuf v1.3.5 h1:F768QJ1E9tib+q5Sc8MkdJi1RxLTbRcTf8LJV56aRls=
github.com/golang/protobuf v1.3.5/go.mod h1:6O5/vntMXwX2lRkT1hjjk0nAC1IDOTvTlVgjlRvqsdk=
github.com/kisielk/errcheck v1.2.0/go.mod h1:/BMXB+zMLi60iA8Vv6Ksmxu/1UDYcXs4uQLJ+jE2L00=
github.com/kisielk/gotool v1.0.0/go.mod h1:XhKaO+MFFWcvkIS/tQcRk01m1F5IRFswLeQ+oQHNcck=
golang.org/x/tools v0.0.0-20181030221726-6c7e314b6563/go.mod h1:n7NCudcB/nEzxVGmLbDWY5pfWTLqBcC2KZ6jyYvM4mQ=
